
Microsoft Visual Studio Solution File, Format Version 12.00
# Visual Studio 2013
VisualStudioVersion = 12.0.31101.0
MinimumVisualStudioVersion = 10.0.40219.1
Project("{FAE04EC0-301F-11D3-BF4B-00C04F79EFBC}") = "ConsoleApp_Client", "ConsoleApp_Client\ConsoleApp_Client.csproj", "{8F0A3EB1-E585-46DB-986D-F74D25CB1EF0}"
EndProject
Project("{FAE04EC0-301F-11D3-BF4B-00C04F79EFBC}") = "ConsoleApp_Person", "ConsoleApp_Person\ConsoleApp_Person.csproj", "{695EB186-1AD9-4A88-94F2-F21CCA3E3FD3}"
EndProject
Project("{FAE04EC0-301F-11D3-BF4B-00C04F79EFBC}") = "ConsoleApp_Data", "ConsoleApp_Data\ConsoleApp_Data.csproj", "{4686967B-C84A-4721-907C-7AD27500DC8B}"
EndProject
Global
	GlobalSection(SolutionConfigurationPlatforms) = preSolution
		Debug|Any CPU = Debug|Any CPU
		Release|Any CPU = Release|Any CPU
	EndGlobalSection
	GlobalSection(ProjectConfigurationPlatforms) = postSolution
		{8F0A3EB1-E585-46DB-986D-F74D25CB1EF0}.Debug|Any CPU.ActiveCfg = Debug|Any CPU
		{8F0A3EB1-E585-46DB-986D-F74D25CB1EF0}.Debug|Any CPU.Build.0 = Debug|Any CPU
		{8F0A3EB1-E585-46DB-986D-F74D25CB1EF0}.Release|Any CPU.ActiveCfg = Release|Any CPU
		{8F0A3EB1-E585-46DB-986D-F74D25CB1EF0}.Release|Any CPU.Build.0 = Release|Any CPU
		{695EB186-1AD9-4A88-94F2-F21CCA3E3FD3}.Debug|Any CPU.ActiveCfg = Debug|Any CPU
		{695EB186-1AD9-4A88-94F2-F21CCA3E3FD3}.Debug|Any CPU.Build.0 = Debug|Any CPU
		{695EB186-1AD9-4A88-94F2-F21CCA3E3FD3}.Release|Any CPU.ActiveCfg = Release|Any CPU
		{695EB186-1AD9-4A88-94F2-F21CCA3E3FD3}.Release|Any CPU.Build.0 = Release|Any CPU
		{4686967B-C84A-4721-907C-7AD27500DC8B}.Debug|Any CPU.ActiveCfg = Debug|Any CPU
		{4686967B-C84A-4721-907C-7AD27500DC8B}.Debug|Any CPU.Build.0 = Debug|Any CPU
		{4686967B-C84A-4721-907C-7AD27500DC8B}.Release|Any CPU.ActiveCfg = Release|Any CPU
		{4686967B-C84A-4721-907C-7AD27500DC8B}.Release|Any CPU.Build.0 = Release|Any CPU
	EndGlobalSection
	GlobalSection(SolutionProperties) = preSolution
		HideSolutionNode = FALSE
	EndGlobalSection
EndGlobal
